
Microsoft Visual Studio Solution File, Format Version 12.00
# Visual Studio Version 17
Project("{8BC9CEB8-8B4A-11D0-8D11-00A0C91BC942}") = "ALL_BUILD", "ALL_BUILD.vcxproj", "{698FE821-39BD-3FAC-B19A-069926277E2A}"
	ProjectSection(ProjectDependencies) = postProject
		{00AA1638-3CA9-3924-9945-D70B71754312} = {00AA1638-3CA9-3924-9945-D70B71754312}
		{02EE4A65-B78F-34E0-9F98-21B7C28F5CF6} = {02EE4A65-B78F-34E0-9F98-21B7C28F5CF6}
		{8F2CFA1B-F4B3-3280-B0DA-1385902486B8} = {8F2CFA1B-F4B3-3280-B0DA-1385902486B8}
		{69F8CF2D-E02D-312D-8C28-A98A0D490F21} = {69F8CF2D-E02D-312D-8C28-A98A0D490F21}
		{0322C858-A756-3EA4-9DF6-2227B791D023} = {0322C858-A756-3EA4-9DF6-2227B791D023}
		{917F7DFE-4659-331D-9C4F-5EDAB943B537} = {917F7DFE-4659-331D-9C4F-5EDAB943B537}
		{BD3A4CAB-EC65-3C6A-AE22-C368790CF827} = {BD3A4CAB-EC65-3C6A-AE22-C368790CF827}
		{286DE3E6-1430-3249-88D3-A94126E67E38} = {286DE3E6-1430-3249-88D3-A94126E67E38}
	EndProjectSection
EndProject
Project("{8BC9CEB8-8B4A-11D0-8D11-00A0C91BC942}") = "AllTests", "tests\AllTests.vcxproj", "{00AA1638-3CA9-3924-9945-D70B71754312}"
	ProjectSection(ProjectDependencies) = postProject
		{8F2CFA1B-F4B3-3280-B0DA-1385902486B8} = {8F2CFA1B-F4B3-3280-B0DA-1385902486B8}
		{69F8CF2D-E02D-312D-8C28-A98A0D490F21} = {69F8CF2D-E02D-312D-8C28-A98A0D490F21}
		{0322C858-A756-3EA4-9DF6-2227B791D023} = {0322C858-A756-3EA4-9DF6-2227B791D023}
		{917F7DFE-4659-331D-9C4F-5EDAB943B537} = {917F7DFE-4659-331D-9C4F-5EDAB943B537}
		{BD3A4CAB-EC65-3C6A-AE22-C368790CF827} = {BD3A4CAB-EC65-3C6A-AE22-C368790CF827}
		{286DE3E6-1430-3249-88D3-A94126E67E38} = {286DE3E6-1430-3249-88D3-A94126E67E38}
		{FF983C43-570A-3481-8B0B-F3093D79EC8C} = {FF983C43-570A-3481-8B0B-F3093D79EC8C}
		{ACAD6834-B50E-3967-96B3-BA8C82CD0B91} = {ACAD6834-B50E-3967-96B3-BA8C82CD0B91}
	EndProjectSection
EndProject
Project("{8BC9CEB8-8B4A-11D0-8D11-00A0C91BC942}") = "Application", "main\Application.vcxproj", "{02EE4A65-B78F-34E0-9F98-21B7C28F5CF6}"
	ProjectSection(ProjectDependencies) = postProject
		{8F2CFA1B-F4B3-3280-B0DA-1385902486B8} = {8F2CFA1B-F4B3-3280-B0DA-1385902486B8}
		{69F8CF2D-E02D-312D-8C28-A98A0D490F21} = {69F8CF2D-E02D-312D-8C28-A98A0D490F21}
		{0322C858-A756-3EA4-9DF6-2227B791D023} = {0322C858-A756-3EA4-9DF6-2227B791D023}
		{917F7DFE-4659-331D-9C4F-5EDAB943B537} = {917F7DFE-4659-331D-9C4F-5EDAB943B537}
		{BD3A4CAB-EC65-3C6A-AE22-C368790CF827} = {BD3A4CAB-EC65-3C6A-AE22-C368790CF827}
		{286DE3E6-1430-3249-88D3-A94126E67E38} = {286DE3E6-1430-3249-88D3-A94126E67E38}
	EndProjectSection
EndProject
Project("{8BC9CEB8-8B4A-11D0-8D11-00A0C91BC942}") = "Circle", "lib_circle\Circle.vcxproj", "{8F2CFA1B-F4B3-3280-B0DA-1385902486B8}"
	ProjectSection(ProjectDependencies) = postProject
		{0322C858-A756-3EA4-9DF6-2227B791D023} = {0322C858-A756-3EA4-9DF6-2227B791D023}
		{286DE3E6-1430-3249-88D3-A94126E67E38} = {286DE3E6-1430-3249-88D3-A94126E67E38}
	EndProjectSection
EndProject
Project("{8BC9CEB8-8B4A-11D0-8D11-00A0C91BC942}") = "EasyExample", "lib_easy_example\EasyExample.vcxproj", "{69F8CF2D-E02D-312D-8C28-A98A0D490F21}"
	ProjectSection(ProjectDependencies) = postProject
		{286DE3E6-1430-3249-88D3-A94126E67E38} = {286DE3E6-1430-3249-88D3-A94126E67E38}
	EndProjectSection
EndProject
Project("{8BC9CEB8-8B4A-11D0-8D11-00A0C91BC942}") = "INSTALL", "INSTALL.vcxproj", "{360862A9-6B69-3979-A968-ADCB39663D81}"
	ProjectSection(ProjectDependencies) = postProject
		{698FE821-39BD-3FAC-B19A-069926277E2A} = {698FE821-39BD-3FAC-B19A-069926277E2A}
		{286DE3E6-1430-3249-88D3-A94126E67E38} = {286DE3E6-1430-3249-88D3-A94126E67E38}
	EndProjectSection
EndProject
Project("{8BC9CEB8-8B4A-11D0-8D11-00A0C91BC942}") = "Point", "lib_point\Point.vcxproj", "{0322C858-A756-3EA4-9DF6-2227B791D023}"
	ProjectSection(ProjectDependencies) = postProject
		{286DE3E6-1430-3249-88D3-A94126E67E38} = {286DE3E6-1430-3249-88D3-A94126E67E38}
	EndProjectSection
EndProject
Project("{8BC9CEB8-8B4A-11D0-8D11-00A0C91BC942}") = "Point3D", "lib_point3D\Point3D.vcxproj", "{917F7DFE-4659-331D-9C4F-5EDAB943B537}"
	ProjectSection(ProjectDependencies) = postProject
		{0322C858-A756-3EA4-9DF6-2227B791D023} = {0322C858-A756-3EA4-9DF6-2227B791D023}
		{286DE3E6-1430-3249-88D3-A94126E67E38} = {286DE3E6-1430-3249-88D3-A94126E67E38}
	EndProjectSection
EndProject
Project("{8BC9CEB8-8B4A-11D0-8D11-00A0C91BC942}") = "RUN_TESTS", "RUN_TESTS.vcxproj", "{F9DE5E9B-2D33-3E98-84E6-6378791911FE}"
	ProjectSection(ProjectDependencies) = postProject
		{286DE3E6-1430-3249-88D3-A94126E67E38} = {286DE3E6-1430-3249-88D3-A94126E67E38}
	EndProjectSection
EndProject
Project("{8BC9CEB8-8B4A-11D0-8D11-00A0C91BC942}") = "Sphere", "lib_sphere\Sphere.vcxproj", "{BD3A4CAB-EC65-3C6A-AE22-C368790CF827}"
	ProjectSection(ProjectDependencies) = postProject
		{0322C858-A756-3EA4-9DF6-2227B791D023} = {0322C858-A756-3EA4-9DF6-2227B791D023}
		{917F7DFE-4659-331D-9C4F-5EDAB943B537} = {917F7DFE-4659-331D-9C4F-5EDAB943B537}
		{286DE3E6-1430-3249-88D3-A94126E67E38} = {286DE3E6-1430-3249-88D3-A94126E67E38}
	EndProjectSection
EndProject
Project("{8BC9CEB8-8B4A-11D0-8D11-00A0C91BC942}") = "ZERO_CHECK", "ZERO_CHECK.vcxproj", "{286DE3E6-1430-3249-88D3-A94126E67E38}"
	ProjectSection(ProjectDependencies) = postProject
	EndProjectSection
EndProject
Project("{8BC9CEB8-8B4A-11D0-8D11-00A0C91BC942}") = "gtest", "third_party\gtest\googletest\gtest.vcxproj", "{FF983C43-570A-3481-8B0B-F3093D79EC8C}"
	ProjectSection(ProjectDependencies) = postProject
		{286DE3E6-1430-3249-88D3-A94126E67E38} = {286DE3E6-1430-3249-88D3-A94126E67E38}
	EndProjectSection
EndProject
Project("{8BC9CEB8-8B4A-11D0-8D11-00A0C91BC942}") = "gtest_main", "third_party\gtest\googletest\gtest_main.vcxproj", "{ACAD6834-B50E-3967-96B3-BA8C82CD0B91}"
	ProjectSection(ProjectDependencies) = postProject
		{286DE3E6-1430-3249-88D3-A94126E67E38} = {286DE3E6-1430-3249-88D3-A94126E67E38}
		{FF983C43-570A-3481-8B0B-F3093D79EC8C} = {FF983C43-570A-3481-8B0B-F3093D79EC8C}
	EndProjectSection
EndProject
Global
	GlobalSection(SolutionConfigurationPlatforms) = preSolution
		Debug|x64 = Debug|x64
		Release|x64 = Release|x64
		MinSizeRel|x64 = MinSizeRel|x64
		RelWithDebInfo|x64 = RelWithDebInfo|x64
	EndGlobalSection
	GlobalSection(ProjectConfigurationPlatforms) = postSolution
		{698FE821-39BD-3FAC-B19A-069926277E2A}.Debug|x64.ActiveCfg = Debug|x64
		{698FE821-39BD-3FAC-B19A-069926277E2A}.Debug|x64.Build.0 = Debug|x64
		{698FE821-39BD-3FAC-B19A-069926277E2A}.Release|x64.ActiveCfg = Release|x64
		{698FE821-39BD-3FAC-B19A-069926277E2A}.Release|x64.Build.0 = Release|x64
		{698FE821-39BD-3FAC-B19A-069926277E2A}.MinSizeRel|x64.ActiveCfg = MinSizeRel|x64
		{698FE821-39BD-3FAC-B19A-069926277E2A}.MinSizeRel|x64.Build.0 = MinSizeRel|x64
		{698FE821-39BD-3FAC-B19A-069926277E2A}.RelWithDebInfo|x64.ActiveCfg = RelWithDebInfo|x64
		{698FE821-39BD-3FAC-B19A-069926277E2A}.RelWithDebInfo|x64.Build.0 = RelWithDebInfo|x64
		{00AA1638-3CA9-3924-9945-D70B71754312}.Debug|x64.ActiveCfg = Debug|x64
		{00AA1638-3CA9-3924-9945-D70B71754312}.Debug|x64.Build.0 = Debug|x64
		{00AA1638-3CA9-3924-9945-D70B71754312}.Release|x64.ActiveCfg = Release|x64
		{00AA1638-3CA9-3924-9945-D70B71754312}.Release|x64.Build.0 = Release|x64
		{00AA1638-3CA9-3924-9945-D70B71754312}.MinSizeRel|x64.ActiveCfg = MinSizeRel|x64
		{00AA1638-3CA9-3924-9945-D70B71754312}.MinSizeRel|x64.Build.0 = MinSizeRel|x64
		{00AA1638-3CA9-3924-9945-D70B71754312}.RelWithDebInfo|x64.ActiveCfg = RelWithDebInfo|x64
		{00AA1638-3CA9-3924-9945-D70B71754312}.RelWithDebInfo|x64.Build.0 = RelWithDebInfo|x64
		{02EE4A65-B78F-34E0-9F98-21B7C28F5CF6}.Debug|x64.ActiveCfg = Debug|x64
		{02EE4A65-B78F-34E0-9F98-21B7C28F5CF6}.Debug|x64.Build.0 = Debug|x64
		{02EE4A65-B78F-34E0-9F98-21B7C28F5CF6}.Release|x64.ActiveCfg = Release|x64
		{02EE4A65-B78F-34E0-9F98-21B7C28F5CF6}.Release|x64.Build.0 = Release|x64
		{02EE4A65-B78F-34E0-9F98-21B7C28F5CF6}.MinSizeRel|x64.ActiveCfg = MinSizeRel|x64
		{02EE4A65-B78F-34E0-9F98-21B7C28F5CF6}.MinSizeRel|x64.Build.0 = MinSizeRel|x64
		{02EE4A65-B78F-34E0-9F98-21B7C28F5CF6}.RelWithDebInfo|x64.ActiveCfg = RelWithDebInfo|x64
		{02EE4A65-B78F-34E0-9F98-21B7C28F5CF6}.RelWithDebInfo|x64.Build.0 = RelWithDebInfo|x64
		{8F2CFA1B-F4B3-3280-B0DA-1385902486B8}.Debug|x64.ActiveCfg = Debug|x64
		{8F2CFA1B-F4B3-3280-B0DA-1385902486B8}.Debug|x64.Build.0 = Debug|x64
		{8F2CFA1B-F4B3-3280-B0DA-1385902486B8}.Release|x64.ActiveCfg = Release|x64
		{8F2CFA1B-F4B3-3280-B0DA-1385902486B8}.Release|x64.Build.0 = Release|x64
		{8F2CFA1B-F4B3-3280-B0DA-1385902486B8}.MinSizeRel|x64.ActiveCfg = MinSizeRel|x64
		{8F2CFA1B-F4B3-3280-B0DA-1385902486B8}.MinSizeRel|x64.Build.0 = MinSizeRel|x64
		{8F2CFA1B-F4B3-3280-B0DA-1385902486B8}.RelWithDebInfo|x64.ActiveCfg = RelWithDebInfo|x64
		{8F2CFA1B-F4B3-3280-B0DA-1385902486B8}.RelWithDebInfo|x64.Build.0 = RelWithDebInfo|x64
		{69F8CF2D-E02D-312D-8C28-A98A0D490F21}.Debug|x64.ActiveCfg = Debug|x64
		{69F8CF2D-E02D-312D-8C28-A98A0D490F21}.Debug|x64.Build.0 = Debug|x64
		{69F8CF2D-E02D-312D-8C28-A98A0D490F21}.Release|x64.ActiveCfg = Release|x64
		{69F8CF2D-E02D-312D-8C28-A98A0D490F21}.Release|x64.Build.0 = Release|x64
		{69F8CF2D-E02D-312D-8C28-A98A0D490F21}.MinSizeRel|x64.ActiveCfg = MinSizeRel|x64
		{69F8CF2D-E02D-312D-8C28-A98A0D490F21}.MinSizeRel|x64.Build.0 = MinSizeRel|x64
		{69F8CF2D-E02D-312D-8C28-A98A0D490F21}.RelWithDebInfo|x64.ActiveCfg = RelWithDebInfo|x64
		{69F8CF2D-E02D-312D-8C28-A98A0D490F21}.RelWithDebInfo|x64.Build.0 = RelWithDebInfo|x64
		{360862A9-6B69-3979-A968-ADCB39663D81}.Debug|x64.ActiveCfg = Debug|x64
		{360862A9-6B69-3979-A968-ADCB39663D81}.Release|x64.ActiveCfg = Release|x64
		{360862A9-6B69-3979-A968-ADCB39663D81}.MinSizeRel|x64.ActiveCfg = MinSizeRel|x64
		{360862A9-6B69-3979-A968-ADCB39663D81}.RelWithDebInfo|x64.ActiveCfg = RelWithDebInfo|x64
		{0322C858-A756-3EA4-9DF6-2227B791D023}.Debug|x64.ActiveCfg = Debug|x64
		{0322C858-A756-3EA4-9DF6-2227B791D023}.Debug|x64.Build.0 = Debug|x64
		{0322C858-A756-3EA4-9DF6-2227B791D023}.Release|x64.ActiveCfg = Release|x64
		{0322C858-A756-3EA4-9DF6-2227B791D023}.Release|x64.Build.0 = Release|x64
		{0322C858-A756-3EA4-9DF6-2227B791D023}.MinSizeRel|x64.ActiveCfg = MinSizeRel|x64
		{0322C858-A756-3EA4-9DF6-2227B791D023}.MinSizeRel|x64.Build.0 = MinSizeRel|x64
		{0322C858-A756-3EA4-9DF6-2227B791D023}.RelWithDebInfo|x64.ActiveCfg = RelWithDebInfo|x64
		{0322C858-A756-3EA4-9DF6-2227B791D023}.RelWithDebInfo|x64.Build.0 = RelWithDebInfo|x64
		{917F7DFE-4659-331D-9C4F-5EDAB943B537}.Debug|x64.ActiveCfg = Debug|x64
		{917F7DFE-4659-331D-9C4F-5EDAB943B537}.Debug|x64.Build.0 = Debug|x64
		{917F7DFE-4659-331D-9C4F-5EDAB943B537}.Release|x64.ActiveCfg = Release|x64
		{917F7DFE-4659-331D-9C4F-5EDAB943B537}.Release|x64.Build.0 = Release|x64
		{917F7DFE-4659-331D-9C4F-5EDAB943B537}.MinSizeRel|x64.ActiveCfg = MinSizeRel|x64
		{917F7DFE-4659-331D-9C4F-5EDAB943B537}.MinSizeRel|x64.Build.0 = MinSizeRel|x64
		{917F7DFE-4659-331D-9C4F-5EDAB943B537}.RelWithDebInfo|x64.ActiveCfg = RelWithDebInfo|x64
		{917F7DFE-4659-331D-9C4F-5EDAB943B537}.RelWithDebInfo|x64.Build.0 = RelWithDebInfo|x64
		{F9DE5E9B-2D33-3E98-84E6-6378791911FE}.Debug|x64.ActiveCfg = Debug|x64
		{F9DE5E9B-2D33-3E98-84E6-6378791911FE}.Release|x64.ActiveCfg = Release|x64
		{F9DE5E9B-2D33-3E98-84E6-6378791911FE}.MinSizeRel|x64.ActiveCfg = MinSizeRel|x64
		{F9DE5E9B-2D33-3E98-84E6-6378791911FE}.RelWithDebInfo|x64.ActiveCfg = RelWithDebInfo|x64
		{BD3A4CAB-EC65-3C6A-AE22-C368790CF827}.Debug|x64.ActiveCfg = Debug|x64
		{BD3A4CAB-EC65-3C6A-AE22-C368790CF827}.Debug|x64.Build.0 = Debug|x64
		{BD3A4CAB-EC65-3C6A-AE22-C368790CF827}.Release|x64.ActiveCfg = Release|x64
		{BD3A4CAB-EC65-3C6A-AE22-C368790CF827}.Release|x64.Build.0 = Release|x64
		{BD3A4CAB-EC65-3C6A-AE22-C368790CF827}.MinSizeRel|x64.ActiveCfg = MinSizeRel|x64
		{BD3A4CAB-EC65-3C6A-AE22-C368790CF827}.MinSizeRel|x64.Build.0 = MinSizeRel|x64
		{BD3A4CAB-EC65-3C6A-AE22-C368790CF827}.RelWithDebInfo|x64.ActiveCfg = RelWithDebInfo|x64
		{BD3A4CAB-EC65-3C6A-AE22-C368790CF827}.RelWithDebInfo|x64.Build.0 = RelWithDebInfo|x64
		{286DE3E6-1430-3249-88D3-A94126E67E38}.Debug|x64.ActiveCfg = Debug|x64
		{286DE3E6-1430-3249-88D3-A94126E67E38}.Debug|x64.Build.0 = Debug|x64
		{286DE3E6-1430-3249-88D3-A94126E67E38}.Release|x64.ActiveCfg = Release|x64
		{286DE3E6-1430-3249-88D3-A94126E67E38}.Release|x64.Build.0 = Release|x64
		{286DE3E6-1430-3249-88D3-A94126E67E38}.MinSizeRel|x64.ActiveCfg = MinSizeRel|x64
		{286DE3E6-1430-3249-88D3-A94126E67E38}.MinSizeRel|x64.Build.0 = MinSizeRel|x64
		{286DE3E6-1430-3249-88D3-A94126E67E38}.RelWithDebInfo|x64.ActiveCfg = RelWithDebInfo|x64
		{286DE3E6-1430-3249-88D3-A94126E67E38}.RelWithDebInfo|x64.Build.0 = RelWithDebInfo|x64
		{FF983C43-570A-3481-8B0B-F3093D79EC8C}.Debug|x64.ActiveCfg = Debug|x64
		{FF983C43-570A-3481-8B0B-F3093D79EC8C}.Debug|x64.Build.0 = Debug|x64
		{FF983C43-570A-3481-8B0B-F3093D79EC8C}.Release|x64.ActiveCfg = Release|x64
		{FF983C43-570A-3481-8B0B-F3093D79EC8C}.Release|x64.Build.0 = Release|x64
		{FF983C43-570A-3481-8B0B-F3093D79EC8C}.MinSizeRel|x64.ActiveCfg = MinSizeRel|x64
		{FF983C43-570A-3481-8B0B-F3093D79EC8C}.MinSizeRel|x64.Build.0 = MinSizeRel|x64
		{FF983C43-570A-3481-8B0B-F3093D79EC8C}.RelWithDebInfo|x64.ActiveCfg = RelWithDebInfo|x64
		{FF983C43-570A-3481-8B0B-F3093D79EC8C}.RelWithDebInfo|x64.Build.0 = RelWithDebInfo|x64
		{ACAD6834-B50E-3967-96B3-BA8C82CD0B91}.Debug|x64.ActiveCfg = Debug|x64
		{ACAD6834-B50E-3967-96B3-BA8C82CD0B91}.Debug|x64.Build.0 = Debug|x64
		{ACAD6834-B50E-3967-96B3-BA8C82CD0B91}.Release|x64.ActiveCfg = Release|x64
		{ACAD6834-B50E-3967-96B3-BA8C82CD0B91}.Release|x64.Build.0 = Release|x64
		{ACAD6834-B50E-3967-96B3-BA8C82CD0B91}.MinSizeRel|x64.ActiveCfg = MinSizeRel|x64
		{ACAD6834-B50E-3967-96B3-BA8C82CD0B91}.MinSizeRel|x64.Build.0 = MinSizeRel|x64
		{ACAD6834-B50E-3967-96B3-BA8C82CD0B91}.RelWithDebInfo|x64.ActiveCfg = RelWithDebInfo|x64
		{ACAD6834-B50E-3967-96B3-BA8C82CD0B91}.RelWithDebInfo|x64.Build.0 = RelWithDebInfo|x64
	EndGlobalSection
	GlobalSection(ExtensibilityGlobals) = postSolution
		SolutionGuid = {FB480716-D88D-318B-ABFC-A32C1C442A3B}
	EndGlobalSection
	GlobalSection(ExtensibilityAddIns) = postSolution
	EndGlobalSection
EndGlobal
